
Microsoft Visual Studio Solution File, Format Version 12.00
# Visual Studio Version 17
VisualStudioVersion = 17.3.32922.545
MinimumVisualStudioVersion = 10.0.40219.1
Project("{9A19103F-16F7-4668-BE54-9A1E7A4F7556}") = "MarsQAProfile", "SpecFlowProject1\MarsQAProfile.csproj", "{86B1A89A-F28A-4075-9DA9-E5E1A8F169EC}"
EndProject
Global
	GlobalSection(SolutionConfigurationPlatforms) = preSolution
		Debug|Any CPU = Debug|Any CPU
		Release|Any CPU = Release|Any CPU
	EndGlobalSection
	GlobalSection(ProjectConfigurationPlatforms) = postSolution
		{86B1A89A-F28A-4075-9DA9-E5E1A8F169EC}.Debug|Any CPU.ActiveCfg = Debug|Any CPU
		{86B1A89A-F28A-4075-9DA9-E5E1A8F169EC}.Debug|Any CPU.Build.0 = Debug|Any CPU
		{86B1A89A-F28A-4075-9DA9-E5E1A8F169EC}.Release|Any CPU.ActiveCfg = Release|Any CPU
		{86B1A89A-F28A-4075-9DA9-E5E1A8F169EC}.Release|Any CPU.Build.0 = Release|Any CPU
	EndGlobalSection
	GlobalSection(SolutionProperties) = preSolution
		HideSolutionNode = FALSE
	EndGlobalSection
	GlobalSection(ExtensibilityGlobals) = postSolution
		SolutionGuid = {5C329014-AC9B-4015-9E48-D2AC6FFA430F}
	EndGlobalSection
EndGlobal
